{
  "name": "wordcloud",
  "version": "1.0.0",
  "lockfileVersion": 3,
  "requires": true,
  "packages": {
    "": {
      "name": "wordcloud",
      "version": "1.0.0",
      "devDependencies": {
        "@umaar/personal-eslint-config": "latest"
      }
    },
    "node_modules/@umaar/personal-eslint-config": {
      "version": "1.0.2",
      "resolved": "https://registry.npmjs.org/@umaar/personal-eslint-config/-/personal-eslint-config-1.0.2.tgz",
      "integrity": "sha512-Ud6eWfnC4i9ehDeDC9rgVDv/PoaRZ7IqsuX4lCqIK+GjL9U76Pjoxd8GdJVuYtl7YNPkpO8oyUrJtgm+pF3Jlw==",
      "dev": true
    }
  }
}
